
Microsoft Visual Studio Solution File, Format Version 12.00
# Visual Studio Version 16
VisualStudioVersion = 16.0.31424.327
MinimumVisualStudioVersion = 10.0.40219.1
Project("{FAE04EC0-301F-11D3-BF4B-00C04F79EFBC}") = "2017AS603_2016AR602", "2017AS603_2016AR602\2017AS603_2016AR602.csproj", "{A350D977-2903-47A5-95B5-3513C9383391}"
EndProject
Global
	GlobalSection(SolutionConfigurationPlatforms) = preSolution
		Debug|Any CPU = Debug|Any CPU
		Release|Any CPU = Release|Any CPU
	EndGlobalSection
	GlobalSection(ProjectConfigurationPlatforms) = postSolution
		{A350D977-2903-47A5-95B5-3513C9383391}.Debug|Any CPU.ActiveCfg = Debug|Any CPU
		{A350D977-2903-47A5-95B5-3513C9383391}.Debug|Any CPU.Build.0 = Debug|Any CPU
		{A350D977-2903-47A5-95B5-3513C9383391}.Release|Any CPU.ActiveCfg = Release|Any CPU
		{A350D977-2903-47A5-95B5-3513C9383391}.Release|Any CPU.Build.0 = Release|Any CPU
	EndGlobalSection
	GlobalSection(SolutionProperties) = preSolution
		HideSolutionNode = FALSE
	EndGlobalSection
	GlobalSection(ExtensibilityGlobals) = postSolution
		SolutionGuid = {12884D66-E955-4DDC-AAA2-A38E45E0A9CB}
	EndGlobalSection
EndGlobal
